{
  "name": "ics-app",
  "version": "1.2.0",
  "lockfileVersion": 2,
  "requires": true,
  "packages": {
    "": {
      "name": "ics-app",
      "version": "1.2.0",
      "devDependencies": {
        "git-describe": "^4.1.1"
      }
    },
    "node_modules/@types/semver": {
      "version": "7.3.12",
      "resolved": "https://registry.npmjs.org/@types/semver/-/semver-7.3.12.tgz",
      "integrity": "sha512-WwA1MW0++RfXmCr12xeYOOC5baSC9mSb0ZqCquFzKhcoF4TvHu5MKOuXsncgZcpVFhB1pXd5hZmM0ryAoCp12A==",
      "dev": true
    },
    "node_modules/git-describe": {
      "version": "4.1.1",
      "resolved": "https://registry.npmjs.org/git-describe/-/git-describe-4.1.1.tgz",
      "integrity": "sha512-JC8ganO5kO80G8+XE98TDDjnMXQN3Estk3qdJuG2EGRF/l6zuMTMcN+8OSfQZ5FWpqIRLB015anWX4aSRgnxAQ==",
      "dev": true,
      "dependencies": {
        "@types/semver": "^7.3.8",
        "lodash": "^4.17.21"
      },
      "engines": {
        "node": ">=4.0.0"
      },
      "optionalDependencies": {
        "semver": "^5.6.0"
      }
    },
    "node_modules/lodash": {
      "version": "4.17.21",
      "resolved": "https://registry.npmjs.org/lodash/-/lodash-4.17.21.tgz",
      "integrity": "sha512-v2kDEe57lecTulaDIuNTPy3Ry4gLGJ6Z1O3vE1krgXZNrsQ+LFTGHVxVjcXPs17LhbZVGedAJv8XZ1tvj5FvSg==",
      "dev": true
    },
    "node_modules/semver": {
      "version": "5.7.1",
      "resolved": "https://registry.npmjs.org/semver/-/semver-5.7.1.tgz",
      "integrity": "sha512-sauaDf/PZdVgrLTNYHRtpXa1iRiKcaebiKQ1BJdpQlWH2lCvexQdX55snPFyK7QzpudqbCI0qXFfOasHdyNDGQ==",
      "dev": true,
      "optional": true,
      "bin": {
        "semver": "bin/semver"
      }
    }
  },
  "dependencies": {
    "@types/semver": {
      "version": "7.3.12",
      "resolved": "https://registry.npmjs.org/@types/semver/-/semver-7.3.12.tgz",
      "integrity": "sha512-WwA1MW0++RfXmCr12xeYOOC5baSC9mSb0ZqCquFzKhcoF4TvHu5MKOuXsncgZcpVFhB1pXd5hZmM0ryAoCp12A==",
      "dev": true
    },
    "git-describe": {
      "version": "4.1.1",
      "resolved": "https://registry.npmjs.org/git-describe/-/git-describe-4.1.1.tgz",
      "integrity": "sha512-JC8ganO5kO80G8+XE98TDDjnMXQN3Estk3qdJuG2EGRF/l6zuMTMcN+8OSfQZ5FWpqIRLB015anWX4aSRgnxAQ==",
      "dev": true,
      "requires": {
        "@types/semver": "^7.3.8",
        "lodash": "^4.17.21",
        "semver": "^5.6.0"
      }
    },
    "lodash": {
      "version": "4.17.21",
      "resolved": "https://registry.npmjs.org/lodash/-/lodash-4.17.21.tgz",
      "integrity": "sha512-v2kDEe57lecTulaDIuNTPy3Ry4gLGJ6Z1O3vE1krgXZNrsQ+LFTGHVxVjcXPs17LhbZVGedAJv8XZ1tvj5FvSg==",
      "dev": true
    },
    "semver": {
      "version": "5.7.1",
      "resolved": "https://registry.npmjs.org/semver/-/semver-5.7.1.tgz",
      "integrity": "sha512-sauaDf/PZdVgrLTNYHRtpXa1iRiKcaebiKQ1BJdpQlWH2lCvexQdX55snPFyK7QzpudqbCI0qXFfOasHdyNDGQ==",
      "dev": true,
      "optional": true
    }
  }
}
